
Microsoft Visual Studio Solution File, Format Version 12.00
# Visual Studio Version 16
VisualStudioVersion = 16.0.30907.101
MinimumVisualStudioVersion = 10.0.40219.1
Project("{9A19103F-16F7-4668-BE54-9A1E7A4F7556}") = "CalculaJurosService", "CalculaJurosService\CalculaJurosService.csproj", "{2EEB7B4E-4A69-41A4-B9F1-CA2B5084812D}"
EndProject
Project("{9A19103F-16F7-4668-BE54-9A1E7A4F7556}") = "CalculoJurosTest", "CalculoJurosTest\CalculoJurosTest.csproj", "{4C863397-8B03-496E-8DEC-3E92B24DE6BB}"
EndProject
Project("{E53339B2-1760-4266-BCC7-CA923CBCF16C}") = "docker-compose", "docker-compose.dcproj", "{F4881C69-EBB4-4463-8277-0B3F9D79F9AA}"
EndProject
Global
	GlobalSection(SolutionConfigurationPlatforms) = preSolution
		Debug|Any CPU = Debug|Any CPU
		Release|Any CPU = Release|Any CPU
	EndGlobalSection
	GlobalSection(ProjectConfigurationPlatforms) = postSolution
		{2EEB7B4E-4A69-41A4-B9F1-CA2B5084812D}.Debug|Any CPU.ActiveCfg = Debug|Any CPU
		{2EEB7B4E-4A69-41A4-B9F1-CA2B5084812D}.Debug|Any CPU.Build.0 = Debug|Any CPU
		{2EEB7B4E-4A69-41A4-B9F1-CA2B5084812D}.Release|Any CPU.ActiveCfg = Release|Any CPU
		{2EEB7B4E-4A69-41A4-B9F1-CA2B5084812D}.Release|Any CPU.Build.0 = Release|Any CPU
		{4C863397-8B03-496E-8DEC-3E92B24DE6BB}.Debug|Any CPU.ActiveCfg = Debug|Any CPU
		{4C863397-8B03-496E-8DEC-3E92B24DE6BB}.Debug|Any CPU.Build.0 = Debug|Any CPU
		{4C863397-8B03-496E-8DEC-3E92B24DE6BB}.Release|Any CPU.ActiveCfg = Release|Any CPU
		{4C863397-8B03-496E-8DEC-3E92B24DE6BB}.Release|Any CPU.Build.0 = Release|Any CPU
		{F4881C69-EBB4-4463-8277-0B3F9D79F9AA}.Debug|Any CPU.ActiveCfg = Debug|Any CPU
		{F4881C69-EBB4-4463-8277-0B3F9D79F9AA}.Debug|Any CPU.Build.0 = Debug|Any CPU
		{F4881C69-EBB4-4463-8277-0B3F9D79F9AA}.Release|Any CPU.ActiveCfg = Release|Any CPU
		{F4881C69-EBB4-4463-8277-0B3F9D79F9AA}.Release|Any CPU.Build.0 = Release|Any CPU
	EndGlobalSection
	GlobalSection(SolutionProperties) = preSolution
		HideSolutionNode = FALSE
	EndGlobalSection
	GlobalSection(ExtensibilityGlobals) = postSolution
		SolutionGuid = {ECAF32FC-B92B-451F-AD1E-D870E12A959B}
	EndGlobalSection
EndGlobal
